
Microsoft Visual Studio Solution File, Format Version 12.00
# Visual Studio Version 17
VisualStudioVersion = 17.0.31903.59
MinimumVisualStudioVersion = 10.0.40219.1
Project("{2150E333-8FDC-42A3-9474-1A3956D46DE8}") = "src", "src", "{827E0CD3-B72D-47B6-A68D-7590B98EB39B}"
EndProject
Project("{FAE04EC0-301F-11D3-BF4B-00C04F79EFBC}") = "KasetWin.Core", "src\KasetWin.Core\KasetWin.Core.csproj", "{4EB79291-EA1D-422D-8EC8-23519EFD1CCE}"
EndProject
Project("{FAE04EC0-301F-11D3-BF4B-00C04F79EFBC}") = "KasetWin.Platform", "src\KasetWin.Platform\KasetWin.Platform.csproj", "{DACE9EA0-75E4-4039-8F10-E1F9515A1B9B}"
EndProject
Project("{FAE04EC0-301F-11D3-BF4B-00C04F79EFBC}") = "KasetWin.App", "src\KasetWin.App\KasetWin.App.csproj", "{A920A34A-DE54-424C-8AD5-7F288AFDB6F9}"
EndProject
Project("{2150E333-8FDC-42A3-9474-1A3956D46DE8}") = "tests", "tests", "{0AB3BF05-4346-4AA6-1389-037BE0695223}"
EndProject
Project("{FAE04EC0-301F-11D3-BF4B-00C04F79EFBC}") = "KasetWin.Core.Tests", "tests\KasetWin.Core.Tests\KasetWin.Core.Tests.csproj", "{084DC152-3358-4F7B-9568-23CFC4D951F7}"
EndProject
Project("{FAE04EC0-301F-11D3-BF4B-00C04F79EFBC}") = "KasetWin.ApiExplorer", "src\KasetWin.ApiExplorer\KasetWin.ApiExplorer.csproj", "{F04D6C61-D5E5-4AFD-ADC4-46436FA1E2D6}"
EndProject
Global
	GlobalSection(SolutionConfigurationPlatforms) = preSolution
		Debug|Any CPU = Debug|Any CPU
		Debug|x64 = Debug|x64
		Debug|x86 = Debug|x86
		Release|Any CPU = Release|Any CPU
		Release|x64 = Release|x64
		Release|x86 = Release|x86
	EndGlobalSection
	GlobalSection(ProjectConfigurationPlatforms) = postSolution
		{4EB79291-EA1D-422D-8EC8-23519EFD1CCE}.Debug|Any CPU.ActiveCfg = Debug|Any CPU
		{4EB79291-EA1D-422D-8EC8-23519EFD1CCE}.Debug|Any CPU.Build.0 = Debug|Any CPU
		{4EB79291-EA1D-422D-8EC8-23519EFD1CCE}.Debug|x64.ActiveCfg = Debug|Any CPU
		{4EB79291-EA1D-422D-8EC8-23519EFD1CCE}.Debug|x64.Build.0 = Debug|Any CPU
		{4EB79291-EA1D-422D-8EC8-23519EFD1CCE}.Debug|x86.ActiveCfg = Debug|Any CPU
		{4EB79291-EA1D-422D-8EC8-23519EFD1CCE}.Debug|x86.Build.0 = Debug|Any CPU
		{4EB79291-EA1D-422D-8EC8-23519EFD1CCE}.Release|Any CPU.ActiveCfg = Release|Any CPU
		{4EB79291-EA1D-422D-8EC8-23519EFD1CCE}.Release|Any CPU.Build.0 = Release|Any CPU
		{4EB79291-EA1D-422D-8EC8-23519EFD1CCE}.Release|x64.ActiveCfg = Release|Any CPU
		{4EB79291-EA1D-422D-8EC8-23519EFD1CCE}.Release|x64.Build.0 = Release|Any CPU
		{4EB79291-EA1D-422D-8EC8-23519EFD1CCE}.Release|x86.ActiveCfg = Release|Any CPU
		{4EB79291-EA1D-422D-8EC8-23519EFD1CCE}.Release|x86.Build.0 = Release|Any CPU
		{DACE9EA0-75E4-4039-8F10-E1F9515A1B9B}.Debug|Any CPU.ActiveCfg = Debug|Any CPU
		{DACE9EA0-75E4-4039-8F10-E1F9515A1B9B}.Debug|Any CPU.Build.0 = Debug|Any CPU
		{DACE9EA0-75E4-4039-8F10-E1F9515A1B9B}.Debug|x64.ActiveCfg = Debug|Any CPU
		{DACE9EA0-75E4-4039-8F10-E1F9515A1B9B}.Debug|x64.Build.0 = Debug|Any CPU
		{DACE9EA0-75E4-4039-8F10-E1F9515A1B9B}.Debug|x86.ActiveCfg = Debug|Any CPU
		{DACE9EA0-75E4-4039-8F10-E1F9515A1B9B}.Debug|x86.Build.0 = Debug|Any CPU
		{DACE9EA0-75E4-4039-8F10-E1F9515A1B9B}.Release|Any CPU.ActiveCfg = Release|Any CPU
		{DACE9EA0-75E4-4039-8F10-E1F9515A1B9B}.Release|Any CPU.Build.0 = Release|Any CPU
		{DACE9EA0-75E4-4039-8F10-E1F9515A1B9B}.Release|x64.ActiveCfg = Release|Any CPU
		{DACE9EA0-75E4-4039-8F10-E1F9515A1B9B}.Release|x64.Build.0 = Release|Any CPU
		{DACE9EA0-75E4-4039-8F10-E1F9515A1B9B}.Release|x86.ActiveCfg = Release|Any CPU
		{DACE9EA0-75E4-4039-8F10-E1F9515A1B9B}.Release|x86.Build.0 = Release|Any CPU
		{A920A34A-DE54-424C-8AD5-7F288AFDB6F9}.Debug|Any CPU.ActiveCfg = Debug|x86
		{A920A34A-DE54-424C-8AD5-7F288AFDB6F9}.Debug|Any CPU.Build.0 = Debug|x86
		{A920A34A-DE54-424C-8AD5-7F288AFDB6F9}.Debug|x64.ActiveCfg = Debug|x64
		{A920A34A-DE54-424C-8AD5-7F288AFDB6F9}.Debug|x64.Build.0 = Debug|x64
		{A920A34A-DE54-424C-8AD5-7F288AFDB6F9}.Debug|x86.ActiveCfg = Debug|x86
		{A920A34A-DE54-424C-8AD5-7F288AFDB6F9}.Debug|x86.Build.0 = Debug|x86
		{A920A34A-DE54-424C-8AD5-7F288AFDB6F9}.Release|Any CPU.ActiveCfg = Release|x86
		{A920A34A-DE54-424C-8AD5-7F288AFDB6F9}.Release|Any CPU.Build.0 = Release|x86
		{A920A34A-DE54-424C-8AD5-7F288AFDB6F9}.Release|x64.ActiveCfg = Release|x64
		{A920A34A-DE54-424C-8AD5-7F288AFDB6F9}.Release|x64.Build.0 = Release|x64
		{A920A34A-DE54-424C-8AD5-7F288AFDB6F9}.Release|x86.ActiveCfg = Release|x86
		{A920A34A-DE54-424C-8AD5-7F288AFDB6F9}.Release|x86.Build.0 = Release|x86
		{084DC152-3358-4F7B-9568-23CFC4D951F7}.Debug|Any CPU.ActiveCfg = Debug|Any CPU
		{084DC152-3358-4F7B-9568-23CFC4D951F7}.Debug|Any CPU.Build.0 = Debug|Any CPU
		{084DC152-3358-4F7B-9568-23CFC4D951F7}.Debug|x64.ActiveCfg = Debug|Any CPU
		{084DC152-3358-4F7B-9568-23CFC4D951F7}.Debug|x64.Build.0 = Debug|Any CPU
		{084DC152-3358-4F7B-9568-23CFC4D951F7}.Debug|x86.ActiveCfg = Debug|Any CPU
		{084DC152-3358-4F7B-9568-23CFC4D951F7}.Debug|x86.Build.0 = Debug|Any CPU
		{084DC152-3358-4F7B-9568-23CFC4D951F7}.Release|Any CPU.ActiveCfg = Release|Any CPU
		{084DC152-3358-4F7B-9568-23CFC4D951F7}.Release|Any CPU.Build.0 = Release|Any CPU
		{084DC152-3358-4F7B-9568-23CFC4D951F7}.Release|x64.ActiveCfg = Release|Any CPU
		{084DC152-3358-4F7B-9568-23CFC4D951F7}.Release|x64.Build.0 = Release|Any CPU
		{084DC152-3358-4F7B-9568-23CFC4D951F7}.Release|x86.ActiveCfg = Release|Any CPU
		{084DC152-3358-4F7B-9568-23CFC4D951F7}.Release|x86.Build.0 = Release|Any CPU
		{F04D6C61-D5E5-4AFD-ADC4-46436FA1E2D6}.Debug|Any CPU.ActiveCfg = Debug|Any CPU
		{F04D6C61-D5E5-4AFD-ADC4-46436FA1E2D6}.Debug|Any CPU.Build.0 = Debug|Any CPU
		{F04D6C61-D5E5-4AFD-ADC4-46436FA1E2D6}.Debug|x64.ActiveCfg = Debug|Any CPU
		{F04D6C61-D5E5-4AFD-ADC4-46436FA1E2D6}.Debug|x64.Build.0 = Debug|Any CPU
		{F04D6C61-D5E5-4AFD-ADC4-46436FA1E2D6}.Debug|x86.ActiveCfg = Debug|Any CPU
		{F04D6C61-D5E5-4AFD-ADC4-46436FA1E2D6}.Debug|x86.Build.0 = Debug|Any CPU
		{F04D6C61-D5E5-4AFD-ADC4-46436FA1E2D6}.Release|Any CPU.ActiveCfg = Release|Any CPU
		{F04D6C61-D5E5-4AFD-ADC4-46436FA1E2D6}.Release|Any CPU.Build.0 = Release|Any CPU
		{F04D6C61-D5E5-4AFD-ADC4-46436FA1E2D6}.Release|x64.ActiveCfg = Release|Any CPU
		{F04D6C61-D5E5-4AFD-ADC4-46436FA1E2D6}.Release|x64.Build.0 = Release|Any CPU
		{F04D6C61-D5E5-4AFD-ADC4-46436FA1E2D6}.Release|x86.ActiveCfg = Release|Any CPU
		{F04D6C61-D5E5-4AFD-ADC4-46436FA1E2D6}.Release|x86.Build.0 = Release|Any CPU
	EndGlobalSection
	GlobalSection(SolutionProperties) = preSolution
		HideSolutionNode = FALSE
	EndGlobalSection
	GlobalSection(NestedProjects) = preSolution
		{4EB79291-EA1D-422D-8EC8-23519EFD1CCE} = {827E0CD3-B72D-47B6-A68D-7590B98EB39B}
		{DACE9EA0-75E4-4039-8F10-E1F9515A1B9B} = {827E0CD3-B72D-47B6-A68D-7590B98EB39B}
		{A920A34A-DE54-424C-8AD5-7F288AFDB6F9} = {827E0CD3-B72D-47B6-A68D-7590B98EB39B}
		{084DC152-3358-4F7B-9568-23CFC4D951F7} = {0AB3BF05-4346-4AA6-1389-037BE0695223}
		{F04D6C61-D5E5-4AFD-ADC4-46436FA1E2D6} = {827E0CD3-B72D-47B6-A68D-7590B98EB39B}
	EndGlobalSection
EndGlobal
